
Microsoft Visual Studio Solution File, Format Version 12.00
# Visual Studio Version 17
VisualStudioVersion = 17.2.32519.379
MinimumVisualStudioVersion = 10.0.40219.1
Project("{9A19103F-16F7-4668-BE54-9A1E7A4F7556}") = "ClickHouseDDLExpression", "ClickHouseDDLExpression\ClickHouseDDLExpression.csproj", "{33C7303F-8EED-4A02-84E2-F4A00D24C92E}"
EndProject
Project("{9A19103F-16F7-4668-BE54-9A1E7A4F7556}") = "ClickHouseDDLExpression.Demo", "ClickHouseDDLExpression.Demo\ClickHouseDDLExpression.Demo.csproj", "{1C9D0E4D-5344-4852-ADCA-3DCF6261B3BB}"
EndProject
Project("{FAE04EC0-301F-11D3-BF4B-00C04F79EFBC}") = "ClickHouseDDLExpression.Tests", "ClickHouseDDLExpression.Tests\ClickHouseDDLExpression.Tests.csproj", "{577B0FBD-DEF3-40B1-A18B-9E3226F08DE5}"
EndProject
Global
	GlobalSection(SolutionConfigurationPlatforms) = preSolution
		Debug|Any CPU = Debug|Any CPU
		Release|Any CPU = Release|Any CPU
	EndGlobalSection
	GlobalSection(ProjectConfigurationPlatforms) = postSolution
		{33C7303F-8EED-4A02-84E2-F4A00D24C92E}.Debug|Any CPU.ActiveCfg = Debug|Any CPU
		{33C7303F-8EED-4A02-84E2-F4A00D24C92E}.Debug|Any CPU.Build.0 = Debug|Any CPU
		{33C7303F-8EED-4A02-84E2-F4A00D24C92E}.Release|Any CPU.ActiveCfg = Release|Any CPU
		{33C7303F-8EED-4A02-84E2-F4A00D24C92E}.Release|Any CPU.Build.0 = Release|Any CPU
		{1C9D0E4D-5344-4852-ADCA-3DCF6261B3BB}.Debug|Any CPU.ActiveCfg = Debug|Any CPU
		{1C9D0E4D-5344-4852-ADCA-3DCF6261B3BB}.Debug|Any CPU.Build.0 = Debug|Any CPU
		{1C9D0E4D-5344-4852-ADCA-3DCF6261B3BB}.Release|Any CPU.ActiveCfg = Release|Any CPU
		{1C9D0E4D-5344-4852-ADCA-3DCF6261B3BB}.Release|Any CPU.Build.0 = Release|Any CPU
		{577B0FBD-DEF3-40B1-A18B-9E3226F08DE5}.Debug|Any CPU.ActiveCfg = Debug|Any CPU
		{577B0FBD-DEF3-40B1-A18B-9E3226F08DE5}.Debug|Any CPU.Build.0 = Debug|Any CPU
		{577B0FBD-DEF3-40B1-A18B-9E3226F08DE5}.Release|Any CPU.ActiveCfg = Release|Any CPU
		{577B0FBD-DEF3-40B1-A18B-9E3226F08DE5}.Release|Any CPU.Build.0 = Release|Any CPU
	EndGlobalSection
	GlobalSection(SolutionProperties) = preSolution
		HideSolutionNode = FALSE
	EndGlobalSection
	GlobalSection(ExtensibilityGlobals) = postSolution
		SolutionGuid = {DF4E1191-3BFE-4C63-BEA4-0E9A63619CC3}
	EndGlobalSection
EndGlobal
